
Microsoft Visual Studio Solution File, Format Version 12.00
# Visual Studio 15
VisualStudioVersion = 15.0.28307.1082
MinimumVisualStudioVersion = 10.0.40219.1
Project("{FAE04EC0-301F-11D3-BF4B-00C04F79EFBC}") = "SolidWorksSecDev", "SolidWorksSecDev.csproj", "{1D117F63-E39B-4AA2-8F14-3E626B5516DB}"
EndProject
Global
	GlobalSection(SolutionConfigurationPlatforms) = preSolution
		Debug|Any CPU = Debug|Any CPU
		Release|Any CPU = Release|Any CPU
	EndGlobalSection
	GlobalSection(ProjectConfigurationPlatforms) = postSolution
		{1D117F63-E39B-4AA2-8F14-3E626B5516DB}.Debug|Any CPU.ActiveCfg = Debug|Any CPU
		{1D117F63-E39B-4AA2-8F14-3E626B5516DB}.Debug|Any CPU.Build.0 = Debug|Any CPU
		{1D117F63-E39B-4AA2-8F14-3E626B5516DB}.Release|Any CPU.ActiveCfg = Release|Any CPU
		{1D117F63-E39B-4AA2-8F14-3E626B5516DB}.Release|Any CPU.Build.0 = Release|Any CPU
	EndGlobalSection
	GlobalSection(SolutionProperties) = preSolution
		HideSolutionNode = FALSE
	EndGlobalSection
	GlobalSection(ExtensibilityGlobals) = postSolution
		SolutionGuid = {50D24895-A790-4614-B651-369ED2A96E17}
	EndGlobalSection
EndGlobal
